
Microsoft Visual Studio Solution File, Format Version 12.00
# Visual Studio Version 16
VisualStudioVersion = 16.0.30002.166
MinimumVisualStudioVersion = 10.0.40219.1
Project("{FAE04EC0-301F-11D3-BF4B-00C04F79EFBC}") = "Snake", "Snake\Snake.csproj", "{61CEE41F-1635-4293-BBA6-CF0C6EE82573}"
EndProject
Global
	GlobalSection(SolutionConfigurationPlatforms) = preSolution
		Debug|Any CPU = Debug|Any CPU
		Release|Any CPU = Release|Any CPU
	EndGlobalSection
	GlobalSection(ProjectConfigurationPlatforms) = postSolution
		{61CEE41F-1635-4293-BBA6-CF0C6EE82573}.Debug|Any CPU.ActiveCfg = Debug|Any CPU
		{61CEE41F-1635-4293-BBA6-CF0C6EE82573}.Debug|Any CPU.Build.0 = Debug|Any CPU
		{61CEE41F-1635-4293-BBA6-CF0C6EE82573}.Release|Any CPU.ActiveCfg = Release|Any CPU
		{61CEE41F-1635-4293-BBA6-CF0C6EE82573}.Release|Any CPU.Build.0 = Release|Any CPU
	EndGlobalSection
	GlobalSection(SolutionProperties) = preSolution
		HideSolutionNode = FALSE
	EndGlobalSection
	GlobalSection(ExtensibilityGlobals) = postSolution
		SolutionGuid = {C62B7A39-6E83-4A04-9DC3-8A85AA61FD02}
	EndGlobalSection
EndGlobal
